
Microsoft Visual Studio Solution File, Format Version 12.00
# Visual Studio Version 17
VisualStudioVersion = 17.5.33530.505
MinimumVisualStudioVersion = 10.0.40219.1
Project("{FAE04EC0-301F-11D3-BF4B-00C04F79EFBC}") = "SalesWebMvc", "SalesWebMvc\SalesWebMvc.csproj", "{D4924E2D-1FED-4A5C-B2E2-C502AE1D020A}"
EndProject
Global
	GlobalSection(SolutionConfigurationPlatforms) = preSolution
		Debug|Any CPU = Debug|Any CPU
		Release|Any CPU = Release|Any CPU
	EndGlobalSection
	GlobalSection(ProjectConfigurationPlatforms) = postSolution
		{D4924E2D-1FED-4A5C-B2E2-C502AE1D020A}.Debug|Any CPU.ActiveCfg = Debug|Any CPU
		{D4924E2D-1FED-4A5C-B2E2-C502AE1D020A}.Debug|Any CPU.Build.0 = Debug|Any CPU
		{D4924E2D-1FED-4A5C-B2E2-C502AE1D020A}.Release|Any CPU.ActiveCfg = Release|Any CPU
		{D4924E2D-1FED-4A5C-B2E2-C502AE1D020A}.Release|Any CPU.Build.0 = Release|Any CPU
	EndGlobalSection
	GlobalSection(SolutionProperties) = preSolution
		HideSolutionNode = FALSE
	EndGlobalSection
	GlobalSection(ExtensibilityGlobals) = postSolution
		SolutionGuid = {77C90A79-A308-4EED-BBAC-60A07824A9B0}
	EndGlobalSection
EndGlobal
